// !$*UTF8*$!
{
	archiveVersion = 1;
	classes = {
	};
	objectVersion = 50;
	objects = {

/* Begin PBXBuildFile section */
		183ACE32239FB65500EA3E9A /* AppDelegate.swift in Sources */ = {isa = PBXBuildFile; fileRef = 183ACE31239FB65500EA3E9A /* AppDelegate.swift */; };
		183ACE34239FB65500EA3E9A /* SceneDelegate.swift in Sources */ = {isa = PBXBuildFile; fileRef = 183ACE33239FB65500EA3E9A /* SceneDelegate.swift */; };
		183ACE36239FB65500EA3E9A /* ContentView.swift in Sources */ = {isa = PBXBuildFile; fileRef = 183ACE35239FB65500EA3E9A /* ContentView.swift */; };
		183ACE38239FB65700EA3E9A /* Assets.xcassets in Resources */ = {isa = PBXBuildFile; fileRef = 183ACE37239FB65700EA3E9A /* Assets.xcassets */; };
		183ACE3B239FB65700EA3E9A /* Preview Assets.xcassets in Resources */ = {isa = PBXBuildFile; fileRef = 183ACE3A239FB65700EA3E9A /* Preview Assets.xcassets */; };
		183ACE3E239FB65700EA3E9A /* LaunchScreen.storyboard in Resources */ = {isa = PBXBuildFile; fileRef = 183ACE3C239FB65700EA3E9A /* LaunchScreen.storyboard */; };
		183ACE49239FB65800EA3E9A /* TestAppTests.swift in Sources */ = {isa = PBXBuildFile; fileRef = 183ACE48239FB65800EA3E9A /* TestAppTests.swift */; };
		183ACE54239FB65800EA3E9A /* TestAppUITests.swift in Sources */ = {isa = PBXBuildFile; fileRef = 183ACE53239FB65800EA3E9A /* TestAppUITests.swift */; };
/* End PBXBuildFile section */

/* Begin PBXContainerItemProxy section */
		183ACE45239FB65800EA3E9A /* PBXContainerItemProxy */ = {
			isa = PBXContainerItemProxy;
			containerPortal = 183ACE26239FB65500EA3E9A /* Project object */;
			proxyType = 1;
			remoteGlobalIDString = 183ACE2D239FB65500EA3E9A;
			remoteInfo = TestApp;
		};
		183ACE50239FB65800EA3E9A /* PBXContainerItemProxy */ = {
			isa = PBXContainerItemProxy;
			containerPortal = 183ACE26239FB65500EA3E9A /* Project object */;
			proxyType = 1;
			remoteGlobalIDString = 183ACE2D239FB65500EA3E9A;
			remoteInfo = TestApp;
		};
/* End PBXContainerItemProxy section */

/* Begin PBXFileReference section */
		183ACE2E239FB65500EA3E9A /* TestApp.app */ = {isa = PBXFileReference; explicitFileType = wrapper.application; includeInIndex = 0; path = TestApp.app; sourceTree = BUILT_PRODUCTS_DIR; };
		183ACE31239FB65500EA3E9A /* AppDelegate.swift */ = {isa = PBXFileReference; lastKnownFileType = sourcecode.swift; path = AppDelegate.swift; sourceTree = "<group>"; };
		183ACE33239FB65500EA3E9A /* SceneDelegate.swift */ = {isa = PBXFileReference; lastKnownFileType = sourcecode.swift; path = SceneDelegate.swift; sourceTree = "<group>"; };
		183ACE35239FB65500EA3E9A /* ContentView.swift */ = {isa = PBXFileReference; lastKnownFileType = sourcecode.swift; path = ContentView.swift; sourceTree = "<group>"; };
		183ACE37239FB65700EA3E9A /* Assets.xcassets */ = {isa = PBXFileReference; lastKnownFileType = folder.assetcatalog; path = Assets.xcassets; sourceTree = "<group>"; };
		183ACE3A239FB65700EA3E9A /* Preview Assets.xcassets */ = {isa = PBXFileReference; lastKnownFileType = folder.assetcatalog; path = "Preview Assets.xcassets"; sourceTree = "<group>"; };
		183ACE3D239FB65700EA3E9A /* Base */ = {isa = PBXFileReference; lastKnownFileType = file.storyboard; name = Base; path = Base.lproj/LaunchScreen.storyboard; sourceTree = "<group>"; };
		183ACE3F239FB65700EA3E9A /* Info.plist */ = {isa = PBXFileReference; lastKnownFileType = text.plist.xml; path = Info.plist; sourceTree = "<group>"; };
		183ACE44239FB65800EA3E9A /* TestAppTests.xctest */ = {isa = PBXFileReference; explicitFileType = wrapper.cfbundle; includeInIndex = 0; path = TestAppTests.xctest; sourceTree = BUILT_PRODUCTS_DIR; };
		183ACE48239FB65800EA3E9A /* TestAppTests.swift */ = {isa = PBXFileReference; lastKnownFileType = sourcecode.swift; path = TestAppTests.swift; sourceTree = "<group>"; };
		183ACE4A239FB65800EA3E9A /* Info.plist */ = {isa = PBXFileReference; lastKnownFileType = text.plist.xml; path = Info.plist; sourceTree = "<group>"; };
		183ACE4F239FB65800EA3E9A /* TestAppUITests.xctest */ = {isa = PBXFileReference; explicitFileType = wrapper.cfbundle; includeInIndex = 0; path = TestAppUITests.xctest; sourceTree = BUILT_PRODUCTS_DIR; };
		183ACE53239FB65800EA3E9A /* TestAppUITests.swift */ = {isa = PBXFileReference; lastKnownFileType = sourcecode.swift; path = TestAppUITests.swift; sourceTree = "<group>"; };
		183ACE55239FB65800EA3E9A /* Info.plist */ = {isa = PBXFileReference; lastKnownFileType = text.plist.xml; path = Info.plist; sourceTree = "<group>"; };
/* End PBXFileReference section */

/* Begin PBXFrameworksBuildPhase section */
		183ACE2B239FB65500EA3E9A /* Frameworks */ = {
			isa = PBXFrameworksBuildPhase;
			buildActionMask = 2147483647;
			files = (
			);
			runOnlyForDeploymentPostprocessing = 0;
		};
		183ACE41239FB65800EA3E9A /* Frameworks */ = {
			isa = PBXFrameworksBuildPhase;
			buildActionMask = 2147483647;
			files = (
			);
			runOnlyForDeploymentPostprocessing = 0;
		};
		183ACE4C239FB65800EA3E9A /* Frameworks */ = {
			isa = PBXFrameworksBuildPhase;
			buildActionMask = 2147483647;
			files = (
			);
			runOnlyForDeploymentPostprocessing = 0;
		};
/* End PBXFrameworksBuildPhase section */

/* Begin PBXGroup section */
		183ACE25239FB65500EA3E9A = {
			isa = PBXGroup;
			children = (
				183ACE30239FB65500EA3E9A /* TestApp */,
				183ACE47239FB65800EA3E9A /* TestAppTests */,
				183ACE52239FB65800EA3E9A /* TestAppUITests */,
				183ACE2F239FB65500EA3E9A /* Products */,
			);
			sourceTree = "<group>";
		};
		183ACE2F239FB65500EA3E9A /* Products */ = {
			isa = PBXGroup;
			children = (
				183ACE2E239FB65500EA3E9A /* TestApp.app */,
				183ACE44239FB65800EA3E9A /* TestAppTests.xctest */,
				183ACE4F239FB65800EA3E9A /* TestAppUITests.xctest */,
			);
			name = Products;
			sourceTree = "<group>";
		};
		183ACE30239FB65500EA3E9A /* TestApp */ = {
			isa = PBXGroup;
			children = (
				183ACE31239FB65500EA3E9A /* AppDelegate.swift */,
				183ACE33239FB65500EA3E9A /* SceneDelegate.swift */,
				183ACE35239FB65500EA3E9A /* ContentView.swift */,
				183ACE37239FB65700EA3E9A /* Assets.xcassets */,
				183ACE3C239FB65700EA3E9A /* LaunchScreen.storyboard */,
				183ACE3F239FB65700EA3E9A /* Info.plist */,
				183ACE39239FB65700EA3E9A /* Preview Content */,
			);
			path = TestApp;
			sourceTree = "<group>";
		};
		183ACE39239FB65700EA3E9A /* Preview Content */ = {
			isa = PBXGroup;
			children = (
				183ACE3A239FB65700EA3E9A /* Preview Assets.xcassets */,
			);
			path = "Preview Content";
			sourceTree = "<group>";
		};
		183ACE47239FB65800EA3E9A /* TestAppTests */ = {
			isa = PBXGroup;
			children = (
				183ACE48239FB65800EA3E9A /* TestAppTests.swift */,
				183ACE4A239FB65800EA3E9A /* Info.plist */,
			);
			path = TestAppTests;
			sourceTree = "<group>";
		};
		183ACE52239FB65800EA3E9A /* TestAppUITests */ = {
			isa = PBXGroup;
			children = (
				183ACE53239FB65800EA3E9A /* TestAppUITests.swift */,
				183ACE55239FB65800EA3E9A /* Info.plist */,
			);
			path = TestAppUITests;
			sourceTree = "<group>";
		};
/* End PBXGroup section */

/* Begin PBXNativeTarget section */
		183ACE2D239FB65500EA3E9A /* TestApp */ = {
			isa = PBXNativeTarget;
			buildConfigurationList = 183ACE58239FB65800EA3E9A /* Build configuration list for PBXNativeTarget "TestApp" */;
			buildPhases = (
				183ACE2A239FB65500EA3E9A /* Sources */,
				183ACE2B239FB65500EA3E9A /* Frameworks */,
				183ACE2C239FB65500EA3E9A /* Resources */,
			);
			buildRules = (
			);
			dependencies = (
			);
			name = TestApp;
			productName = TestApp;
			productReference = 183ACE2E239FB65500EA3E9A /* TestApp.app */;
			productType = "com.apple.product-type.application";
		};
		183ACE43239FB65800EA3E9A /* TestAppTests */ = {
			isa = PBXNativeTarget;
			buildConfigurationList = 183ACE5B239FB65800EA3E9A /* Build configuration list for PBXNativeTarget "TestAppTests" */;
			buildPhases = (
				183ACE40239FB65800EA3E9A /* Sources */,
				183ACE41239FB65800EA3E9A /* Frameworks */,
				183ACE42239FB65800EA3E9A /* Resources */,
			);
			buildRules = (
			);
			dependencies = (
				183ACE46239FB65800EA3E9A /* PBXTargetDependency */,
			);
			name = TestAppTests;
			productName = TestAppTests;
			productReference = 183ACE44239FB65800EA3E9A /* TestAppTests.xctest */;
			productType = "com.apple.product-type.bundle.unit-test";
		};
		183ACE4E239FB65800EA3E9A /* TestAppUITests */ = {
			isa = PBXNativeTarget;
			buildConfigurationList = 183ACE5E239FB65800EA3E9A /* Build configuration list for PBXNativeTarget "TestAppUITests" */;
			buildPhases = (
				183ACE4B239FB65800EA3E9A /* Sources */,
				183ACE4C239FB65800EA3E9A /* Frameworks */,
				183ACE4D239FB65800EA3E9A /* Resources */,
			);
			buildRules = (
			);
			dependencies = (
				183ACE51239FB65800EA3E9A /* PBXTargetDependency */,
			);
			name = TestAppUITests;
			productName = TestAppUITests;
			productReference = 183ACE4F239FB65800EA3E9A /* TestAppUITests.xctest */;
			productType = "com.apple.product-type.bundle.ui-testing";
		};
/* End PBXNativeTarget section */

/* Begin PBXProject section */
		183ACE26239FB65500EA3E9A /* Project object */ = {
			isa = PBXProject;
			attributes = {
				LastSwiftUpdateCheck = 1120;
				LastUpgradeCheck = 1120;
				ORGANIZATIONNAME = "Ayumi Sashitani";
				TargetAttributes = {
					183ACE2D239FB65500EA3E9A = {
						CreatedOnToolsVersion = 11.2.1;
					};
					183ACE43239FB65800EA3E9A = {
						CreatedOnToolsVersion = 11.2.1;
						TestTargetID = 183ACE2D239FB65500EA3E9A;
					};
					183ACE4E239FB65800EA3E9A = {
						CreatedOnToolsVersion = 11.2.1;
						TestTargetID = 183ACE2D239FB65500EA3E9A;
					};
				};
			};
			buildConfigurationList = 183ACE29239FB65500EA3E9A /* Build configuration list for PBXProject "TestApp" */;
			compatibilityVersion = "Xcode 9.3";
			developmentRegion = en;
			hasScannedForEncodings = 0;
			knownRegions = (
				en,
				Base,
			);
			mainGroup = 183ACE25239FB65500EA3E9A;
			productRefGroup = 183ACE2F239FB65500EA3E9A /* Products */;
			projectDirPath = "";
			projectRoot = "";
			targets = (
				183ACE2D239FB65500EA3E9A /* TestApp */,
				183ACE43239FB65800EA3E9A /* TestAppTests */,
				183ACE4E239FB65800EA3E9A /* TestAppUITests */,
			);
		};
/* End PBXProject section */

/* Begin PBXResourcesBuildPhase section */
		183ACE2C239FB65500EA3E9A /* Resources */ = {
			isa = PBXResourcesBuildPhase;
			buildActionMask = 2147483647;
			files = (
				183ACE3E239FB65700EA3E9A /* LaunchScreen.storyboard in Resources */,
				183ACE3B239FB65700EA3E9A /* Preview Assets.xcassets in Resources */,
				183ACE38239FB65700EA3E9A /* Assets.xcassets in Resources */,
			);
			runOnlyForDeploymentPostprocessing = 0;
		};
		183ACE42239FB65800EA3E9A /* Resources */ = {
			isa = PBXResourcesBuildPhase;
			buildActionMask = 2147483647;
			files = (
			);
			runOnlyForDeploymentPostprocessing = 0;
		};
		183ACE4D239FB65800EA3E9A /* Resources */ = {
			isa = PBXResourcesBuildPhase;
			buildActionMask = 2147483647;
			files = (
			);
			runOnlyForDeploymentPostprocessing = 0;
		};
/* End PBXResourcesBuildPhase section */

/* Begin PBXSourcesBuildPhase section */
		183ACE2A239FB65500EA3E9A /* Sources */ = {
			isa = PBXSourcesBuildPhase;
			buildActionMask = 2147483647;
			files = (
				183ACE32239FB65500EA3E9A /* AppDelegate.swift in Sources */,
				183ACE34239FB65500EA3E9A /* SceneDelegate.swift in Sources */,
				183ACE36239FB65500EA3E9A /* ContentView.swift in Sources */,
			);
			runOnlyForDeploymentPostprocessing = 0;
		};
		183ACE40239FB65800EA3E9A /* Sources */ = {
			isa = PBXSourcesBuildPhase;
			buildActionMask = 2147483647;
			files = (
				183ACE49239FB65800EA3E9A /* TestAppTests.swift in Sources */,
			);
			runOnlyForDeploymentPostprocessing = 0;
		};
		183ACE4B239FB65800EA3E9A /* Sources */ = {
			isa = PBXSourcesBuildPhase;
			buildActionMask = 2147483647;
			files = (
				183ACE54239FB65800EA3E9A /* TestAppUITests.swift in Sources */,
			);
			runOnlyForDeploymentPostprocessing = 0;
		};
/* End PBXSourcesBuildPhase section */

/* Begin PBXTargetDependency section */
		183ACE46239FB65800EA3E9A /* PBXTargetDependency */ = {
			isa = PBXTargetDependency;
			target = 183ACE2D239FB65500EA3E9A /* TestApp */;
			targetProxy = 183ACE45239FB65800EA3E9A /* PBXContainerItemProxy */;
		};
		183ACE51239FB65800EA3E9A /* PBXTargetDependency */ = {
			isa = PBXTargetDependency;
			target = 183ACE2D239FB65500EA3E9A /* TestApp */;
			targetProxy = 183ACE50239FB65800EA3E9A /* PBXContainerItemProxy */;
		};
/* End PBXTargetDependency section */

/* Begin PBXVariantGroup section */
		183ACE3C239FB65700EA3E9A /* LaunchScreen.storyboard */ = {
			isa = PBXVariantGroup;
			children = (
				183ACE3D239FB65700EA3E9A /* Base */,
			);
			name = LaunchScreen.storyboard;
			sourceTree = "<group>";
		};
/* End PBXVariantGroup section */

/* Begin XCBuildConfiguration section */
		183ACE56239FB65800EA3E9A /* Debug */ = {
			isa = XCBuildConfiguration;
			buildSettings = {
				ALWAYS_SEARCH_USER_PATHS = NO;
				CLANG_ANALYZER_NONNULL = YES;
				CLANG_ANALYZER_NUMBER_OBJECT_CONVERSION = YES_AGGRESSIVE;
				CLANG_CXX_LANGUAGE_STANDARD = "gnu++14";
				CLANG_CXX_LIBRARY = "libc++";
				CLANG_ENABLE_MODULES = YES;
				CLANG_ENABLE_OBJC_ARC = YES;
				CLANG_ENABLE_OBJC_WEAK = YES;
				CLANG_WARN_BLOCK_CAPTURE_AUTORELEASING = YES;
				CLANG_WARN_BOOL_CONVERSION = YES;
				CLANG_WARN_COMMA = YES;
				CLANG_WARN_CONSTANT_CONVERSION = YES;
				CLANG_WARN_DEPRECATED_OBJC_IMPLEMENTATIONS = YES;
				CLANG_WARN_DIRECT_OBJC_ISA_USAGE = YES_ERROR;
				CLANG_WARN_DOCUMENTATION_COMMENTS = YES;
				CLANG_WARN_EMPTY_BODY = YES;
				CLANG_WARN_ENUM_CONVERSION = YES;
				CLANG_WARN_INFINITE_RECURSION = YES;
				CLANG_WARN_INT_CONVERSION = YES;
				CLANG_WARN_NON_LITERAL_NULL_CONVERSION = YES;
				CLANG_WARN_OBJC_IMPLICIT_RETAIN_SELF = YES;
				CLANG_WARN_OBJC_LITERAL_CONVERSION = YES;
				CLANG_WARN_OBJC_ROOT_CLASS = YES_ERROR;
				CLANG_WARN_RANGE_LOOP_ANALYSIS = YES;
				CLANG_WARN_STRICT_PROTOTYPES = YES;
				CLANG_WARN_SUSPICIOUS_MOVE = YES;
				CLANG_WARN_UNGUARDED_AVAILABILITY = YES_AGGRESSIVE;
				CLANG_WARN_UNREACHABLE_CODE = YES;
				CLANG_WARN__DUPLICATE_METHOD_MATCH = YES;
				COPY_PHASE_STRIP = NO;
				DEBUG_INFORMATION_FORMAT = dwarf;
				ENABLE_STRICT_OBJC_MSGSEND = YES;
				ENABLE_TESTABILITY = YES;
				GCC_C_LANGUAGE_STANDARD = gnu11;
				GCC_DYNAMIC_NO_PIC = NO;
				GCC_NO_COMMON_BLOCKS = YES;
				GCC_OPTIMIZATION_LEVEL = 0;
				GCC_PREPROCESSOR_DEFINITIONS = (
					"DEBUG=1",
					"$(inherited)",
				);
				GCC_WARN_64_TO_32_BIT_CONVERSION = YES;
				GCC_WARN_ABOUT_RETURN_TYPE = YES_ERROR;
				GCC_WARN_UNDECLARED_SELECTOR = YES;
				GCC_WARN_UNINITIALIZED_AUTOS = YES_AGGRESSIVE;
				GCC_WARN_UNUSED_FUNCTION = YES;
				GCC_WARN_UNUSED_VARIABLE = YES;
				IPHONEOS_DEPLOYMENT_TARGET = 13.2;
				MTL_ENABLE_DEBUG_INFO = INCLUDE_SOURCE;
				MTL_FAST_MATH = YES;
				ONLY_ACTIVE_ARCH = YES;
				SDKROOT = iphoneos;
				SWIFT_ACTIVE_COMPILATION_CONDITIONS = DEBUG;
				SWIFT_OPTIMIZATION_LEVEL = "-Onone";
			};
			name = Debug;
		};
		183ACE57239FB65800EA3E9A /* Release */ = {
			isa = XCBuildConfiguration;
			buildSettings = {
				ALWAYS_SEARCH_USER_PATHS = NO;
				CLANG_ANALYZER_NONNULL = YES;
				CLANG_ANALYZER_NUMBER_OBJECT_CONVERSION = YES_AGGRESSIVE;
				CLANG_CXX_LANGUAGE_STANDARD = "gnu++14";
				CLANG_CXX_LIBRARY = "libc++";
				CLANG_ENABLE_MODULES = YES;
				CLANG_ENABLE_OBJC_ARC = YES;
				CLANG_ENABLE_OBJC_WEAK = YES;
				CLANG_WARN_BLOCK_CAPTURE_AUTORELEASING = YES;
				CLANG_WARN_BOOL_CONVERSION = YES;
				CLANG_WARN_COMMA = YES;
				CLANG_WARN_CONSTANT_CONVERSION = YES;
				CLANG_WARN_DEPRECATED_OBJC_IMPLEMENTATIONS = YES;
				CLANG_WARN_DIRECT_OBJC_ISA_USAGE = YES_ERROR;
				CLANG_WARN_DOCUMENTATION_COMMENTS = YES;
				CLANG_WARN_EMPTY_BODY = YES;
				CLANG_WARN_ENUM_CONVERSION = YES;
				CLANG_WARN_INFINITE_RECURSION = YES;
				CLANG_WARN_INT_CONVERSION = YES;
				CLANG_WARN_NON_LITERAL_NULL_CONVERSION = YES;
				CLANG_WARN_OBJC_IMPLICIT_RETAIN_SELF = YES;
				CLANG_WARN_OBJC_LITERAL_CONVERSION = YES;
				CLANG_WARN_OBJC_ROOT_CLASS = YES_ERROR;
				CLANG_WARN_RANGE_LOOP_ANALYSIS = YES;
				CLANG_WARN_STRICT_PROTOTYPES = YES;
				CLANG_WARN_SUSPICIOUS_MOVE = YES;
				CLANG_WARN_UNGUARDED_AVAILABILITY = YES_AGGRESSIVE;
				CLANG_WARN_UNREACHABLE_CODE = YES;
				CLANG_WARN__DUPLICATE_METHOD_MATCH = YES;
				COPY_PHASE_STRIP = NO;
				DEBUG_INFORMATION_FORMAT = "dwarf-with-dsym";
				ENABLE_NS_ASSERTIONS = NO;
				ENABLE_STRICT_OBJC_MSGSEND = YES;
				GCC_C_LANGUAGE_STANDARD = gnu11;
				GCC_NO_COMMON_BLOCKS = YES;
				GCC_WARN_64_TO_32_BIT_CONVERSION = YES;
				GCC_WARN_ABOUT_RETURN_TYPE = YES_ERROR;
				GCC_WARN_UNDECLARED_SELECTOR = YES;
				GCC_WARN_UNINITIALIZED_AUTOS = YES_AGGRESSIVE;
				GCC_WARN_UNUSED_FUNCTION = YES;
				GCC_WARN_UNUSED_VARIABLE = YES;
				IPHONEOS_DEPLOYMENT_TARGET = 13.2;
				MTL_ENABLE_DEBUG_INFO = NO;
				MTL_FAST_MATH = YES;
				SDKROOT = iphoneos;
				SWIFT_COMPILATION_MODE = wholemodule;
				SWIFT_OPTIMIZATION_LEVEL = "-O";
				VALIDATE_PRODUCT = YES;
			};
			name = Release;
		};
		183ACE59239FB65800EA3E9A /* Debug */ = {
			isa = XCBuildConfiguration;
			buildSettings = {
				ASSETCATALOG_COMPILER_APPICON_NAME = AppIcon;
				CODE_SIGN_STYLE = Automatic;
				DEVELOPMENT_ASSET_PATHS = "\"TestApp/Preview Content\"";
				ENABLE_PREVIEWS = YES;
				INFOPLIST_FILE = TestApp/Info.plist;
				LD_RUNPATH_SEARCH_PATHS = (
					"$(inherited)",
					"@executable_path/Frameworks",
				);
				PRODUCT_BUNDLE_IDENTIFIER = com.TestApp;
				PRODUCT_NAME = "$(TARGET_NAME)";
				SWIFT_VERSION = 5.0;
				TARGETED_DEVICE_FAMILY = "1,2";
			};
			name = Debug;
		};
		183ACE5A239FB65800EA3E9A /* Release */ = {
			isa = XCBuildConfiguration;
			buildSettings = {
				ASSETCATALOG_COMPILER_APPICON_NAME = AppIcon;
				CODE_SIGN_STYLE = Automatic;
				DEVELOPMENT_ASSET_PATHS = "\"TestApp/Preview Content\"";
				ENABLE_PREVIEWS = YES;
				INFOPLIST_FILE = TestApp/Info.plist;
				LD_RUNPATH_SEARCH_PATHS = (
					"$(inherited)",
					"@executable_path/Frameworks",
				);
				PRODUCT_BUNDLE_IDENTIFIER = com.TestApp;
				PRODUCT_NAME = "$(TARGET_NAME)";
				SWIFT_VERSION = 5.0;
				TARGETED_DEVICE_FAMILY = "1,2";
			};
			name = Release;
		};
		183ACE5C239FB65800EA3E9A /* Debug */ = {
			isa = XCBuildConfiguration;
			buildSettings = {
				ALWAYS_EMBED_SWIFT_STANDARD_LIBRARIES = YES;
				BUNDLE_LOADER = "$(TEST_HOST)";
				CODE_SIGN_STYLE = Automatic;
				INFOPLIST_FILE = TestAppTests/Info.plist;
				IPHONEOS_DEPLOYMENT_TARGET = 13.2;
				LD_RUNPATH_SEARCH_PATHS = (
					"$(inherited)",
					"@executable_path/Frameworks",
					"@loader_path/Frameworks",
				);
				PRODUCT_BUNDLE_IDENTIFIER = com.TestAppTests;
				PRODUCT_NAME = "$(TARGET_NAME)";
				SWIFT_VERSION = 5.0;
				TARGETED_DEVICE_FAMILY = "1,2";
				TEST_HOST = "$(BUILT_PRODUCTS_DIR)/TestApp.app/TestApp";
			};
			name = Debug;
		};
		183ACE5D239FB65800EA3E9A /* Release */ = {
			isa = XCBuildConfiguration;
			buildSettings = {
				ALWAYS_EMBED_SWIFT_STANDARD_LIBRARIES = YES;
				BUNDLE_LOADER = "$(TEST_HOST)";
				CODE_SIGN_STYLE = Automatic;
				INFOPLIST_FILE = TestAppTests/Info.plist;
				IPHONEOS_DEPLOYMENT_TARGET = 13.2;
				LD_RUNPATH_SEARCH_PATHS = (
					"$(inherited)",
					"@executable_path/Frameworks",
					"@loader_path/Frameworks",
				);
				PRODUCT_BUNDLE_IDENTIFIER = com.TestAppTests;
				PRODUCT_NAME = "$(TARGET_NAME)";
				SWIFT_VERSION = 5.0;
				TARGETED_DEVICE_FAMILY = "1,2";
				TEST_HOST = "$(BUILT_PRODUCTS_DIR)/TestApp.app/TestApp";
			};
			name = Release;
		};
		183ACE5F239FB65800EA3E9A /* Debug */ = {
			isa = XCBuildConfiguration;
			buildSettings = {
				ALWAYS_EMBED_SWIFT_STANDARD_LIBRARIES = YES;
				CODE_SIGN_STYLE = Automatic;
				INFOPLIST_FILE = TestAppUITests/Info.plist;
				LD_RUNPATH_SEARCH_PATHS = (
					"$(inherited)",
					"@executable_path/Frameworks",
					"@loader_path/Frameworks",
				);
				PRODUCT_BUNDLE_IDENTIFIER = com.TestAppUITests;
				PRODUCT_NAME = "$(TARGET_NAME)";
				SWIFT_VERSION = 5.0;
				TARGETED_DEVICE_FAMILY = "1,2";
				TEST_TARGET_NAME = TestApp;
			};
			name = Debug;
		};
		183ACE60239FB65800EA3E9A /* Release */ = {
			isa = XCBuildConfiguration;
			buildSettings = {
				ALWAYS_EMBED_SWIFT_STANDARD_LIBRARIES = YES;
				CODE_SIGN_STYLE = Automatic;
				INFOPLIST_FILE = TestAppUITests/Info.plist;
				LD_RUNPATH_SEARCH_PATHS = (
					"$(inherited)",
					"@executable_path/Frameworks",
					"@loader_path/Frameworks",
				);
				PRODUCT_BUNDLE_IDENTIFIER = com.TestAppUITests;
				PRODUCT_NAME = "$(TARGET_NAME)";
				SWIFT_VERSION = 5.0;
				TARGETED_DEVICE_FAMILY = "1,2";
				TEST_TARGET_NAME = TestApp;
			};
			name = Release;
		};
/* End XCBuildConfiguration section */

/* Begin XCConfigurationList section */
		183ACE29239FB65500EA3E9A /* Build configuration list for PBXProject "TestApp" */ = {
			isa = XCConfigurationList;
			buildConfigurations = (
				183ACE56239FB65800EA3E9A /* Debug */,
				183ACE57239FB65800EA3E9A /* Release */,
			);
			defaultConfigurationIsVisible = 0;
			defaultConfigurationName = Release;
		};
		183ACE58239FB65800EA3E9A /* Build configuration list for PBXNativeTarget "TestApp" */ = {
			isa = XCConfigurationList;
			buildConfigurations = (
				183ACE59239FB65800EA3E9A /* Debug */,
				183ACE5A239FB65800EA3E9A /* Release */,
			);
			defaultConfigurationIsVisible = 0;
			defaultConfigurationName = Release;
		};
		183ACE5B239FB65800EA3E9A /* Build configuration list for PBXNativeTarget "TestAppTests" */ = {
			isa = XCConfigurationList;
			buildConfigurations = (
				183ACE5C239FB65800EA3E9A /* Debug */,
				183ACE5D239FB65800EA3E9A /* Release */,
			);
			defaultConfigurationIsVisible = 0;
			defaultConfigurationName = Release;
		};
		183ACE5E239FB65800EA3E9A /* Build configuration list for PBXNativeTarget "TestAppUITests" */ = {
			isa = XCConfigurationList;
			buildConfigurations = (
				183ACE5F239FB65800EA3E9A /* Debug */,
				183ACE60239FB65800EA3E9A /* Release */,
			);
			defaultConfigurationIsVisible = 0;
			defaultConfigurationName = Release;
		};
/* End XCConfigurationList section */
	};
	rootObject = 183ACE26239FB65500EA3E9A /* Project object */;
}
